
Microsoft Visual Studio Solution File, Format Version 12.00
Project("{FAE04EC0-301F-11D3-BF4B-00C04F79EFBC}") = "FinanceUPC", "FinanceUPC\FinanceUPC.csproj", "{46919E42-1AEC-4B45-87B1-8FB574F5473D}"
EndProject
Global
	GlobalSection(SolutionConfigurationPlatforms) = preSolution
		Debug|Any CPU = Debug|Any CPU
		Release|Any CPU = Release|Any CPU
	EndGlobalSection
	GlobalSection(ProjectConfigurationPlatforms) = postSolution
		{46919E42-1AEC-4B45-87B1-8FB574F5473D}.Debug|Any CPU.ActiveCfg = Debug|Any CPU
		{46919E42-1AEC-4B45-87B1-8FB574F5473D}.Debug|Any CPU.Build.0 = Debug|Any CPU
		{46919E42-1AEC-4B45-87B1-8FB574F5473D}.Release|Any CPU.ActiveCfg = Release|Any CPU
		{46919E42-1AEC-4B45-87B1-8FB574F5473D}.Release|Any CPU.Build.0 = Release|Any CPU
	EndGlobalSection
EndGlobal
